<?xml version="1.0" encoding="utf-8"?>
<Project ToolsVersion="4.0" xmlns="http://schemas.microsoft.com/developer/msbuild/2003">
  <ItemGroup>
    <Filter Include="dwarfworks">
      <UniqueIdentifier>{2F349EB2-1BEC-DFFF-84F3-B85B70CA7AF0}</UniqueIdentifier>
    </Filter>
  </ItemGroup>
  <ItemGroup>
    <ClInclude Include="src\dwarfworks.h" />
    <ClInclude Include="src\dwarfworks\application.h">
      <Filter>dwarfworks</Filter>
    </ClInclude>
    <ClInclude Include="src\dwarfworks\core.h">
      <Filter>dwarfworks</Filter>
    </ClInclude>
    <ClInclude Include="src\dwarfworks\entry_point.h">
      <Filter>dwarfworks</Filter>
    </ClInclude>
    <ClInclude Include="src\dwarfworks\log.h">
      <Filter>dwarfworks</Filter>
    </ClInclude>
  </ItemGroup>
  <ItemGroup>
    <ClCompile Include="src\dwarfworks\application.cpp">
      <Filter>dwarfworks</Filter>
    </ClCompile>
    <ClCompile Include="src\dwarfworks\log.cpp">
      <Filter>dwarfworks</Filter>
    </ClCompile>
  </ItemGroup>
</Project>